{
  "lockfileVersion": 1,
  "configVersion": 1,
  "workspaces": {
    "": {
      "name": "firstmate",
      "dependencies": {
        "@toon-format/toon": "2.3.0",
      },
    },
  },
  "packages": {
    "@toon-format/toon": ["@toon-format/toon@2.3.0", "", {}, "sha512-/Ew9etdRQKVMnm9fDaCG0JjyAOK/O7T0M97oum1aW4W+UR8ZhVVPBanIV7oWgHBiGlnVxV9M55PWQCHofDV07w=="],
  }
}
